{
  "originHash" : "b01ebd313ff7ea6d6631c2700829de275fa1bb3bb46fe30587b97d40ea3a482f",
  "pins" : [
    {
      "identity" : "adfit-spm",
      "kind" : "remoteSourceControl",
      "location" : "https://github.com/adfit/adfit-spm.git",
      "state" : {
        "revision" : "64a60ed38c5be88e15f32bc4c7975cc2df894107",
        "version" : "3.19.9"
      }
    }
  ],
  "version" : 3
}
