PODS:
  - ExelBid_iOS_Swift (2.2.9)
  - exelbid_plugin (1.3.0):
    - ExelBid_iOS_Swift
    - Flutter
  - Flutter (1.0.0)

DEPENDENCIES:
  - exelbid_plugin (from `.symlinks/plugins/exelbid_plugin/ios`)
  - Flutter (from `Flutter`)

SPEC REPOS:
  trunk:
    - ExelBid_iOS_Swift

EXTERNAL SOURCES:
  exelbid_plugin:
    :path: ".symlinks/plugins/exelbid_plugin/ios"
  Flutter:
    :path: Flutter

SPEC CHECKSUMS:
  ExelBid_iOS_Swift: ce68fbab10fe9f605a169556ddc6f9e500478f09
  exelbid_plugin: 216e3841c96f36f1480fc2060dd10b47e177aca8
  Flutter: cabc95a1d2626b1b06e7179b784ebcf0c0cde467

PODFILE CHECKSUM: 251cb053df7158f337c0712f2ab29f4e0fa474ce

COCOAPODS: 1.16.2
