PODS:
  - ExelBid_iOS_Swift (2.1.4)
  - exelbid_plugin (1.0.0):
    - ExelBid_iOS_Swift (>= 2.1.4)
    - Flutter
  - Flutter (1.0.0)

DEPENDENCIES:
  - exelbid_plugin (from `.symlinks/plugins/exelbid_plugin/ios`)
  - Flutter (from `Flutter`)

SPEC REPOS:
  trunk:
    - ExelBid_iOS_Swift

EXTERNAL SOURCES:
  exelbid_plugin:
    :path: ".symlinks/plugins/exelbid_plugin/ios"
  Flutter:
    :path: Flutter

SPEC CHECKSUMS:
  ExelBid_iOS_Swift: 3ac4bae6e87dd10f75d242f9a2690a63de1d90a6
  exelbid_plugin: 864a17572a79f5d9068ed1bd9ec50e1f0c013d8f
  Flutter: e0871f40cf51350855a761d2e70bf5af5b9b5de7

PODFILE CHECKSUM: 7be2f5f74864d463a8ad433546ed1de7e0f29aef

COCOAPODS: 1.16.2
