{
  "originHash" : "77a7b3648ba4d23c93b9800d246e70e5be54ea9bfc733df422106c2bbb5c1aa6",
  "pins" : [
    {
      "identity" : "adfit-spm",
      "kind" : "remoteSourceControl",
      "location" : "https://github.com/adfit/adfit-spm.git",
      "state" : {
        "revision" : "64a60ed38c5be88e15f32bc4c7975cc2df894107",
        "version" : "3.19.9"
      }
    }
  ],
  "version" : 3
}
